{
	"name": "cv",
	"version": "1.0.0",
	"lockfileVersion": 2,
	"requires": true,
	"packages": {
		"": {
			"name": "cv",
			"version": "1.0.0",
			"license": "MIT",
			"devDependencies": {
				"husky": "9.1.7",
				"nano-staged": "0.9.0",
				"prettier": "3.8.1"
			},
			"engines": {
				"node": ">=24"
			}
		},
		"node_modules/husky": {
			"version": "9.1.7",
			"resolved": "https://registry.npmjs.org/husky/-/husky-9.1.7.tgz",
			"integrity": "sha512-5gs5ytaNjBrh5Ow3zrvdUUY+0VxIuWVL4i9irt6friV+BqdCfmV11CQTWMiBYWHbXhco+J1kHfTOUkePhCDvMA==",
			"dev": true,
			"license": "MIT",
			"bin": {
				"husky": "bin.js"
			},
			"engines": {
				"node": ">=18"
			},
			"funding": {
				"url": "https://github.com/sponsors/typicode"
			}
		},
		"node_modules/nano-staged": {
			"version": "0.9.0",
			"resolved": "https://registry.npmjs.org/nano-staged/-/nano-staged-0.9.0.tgz",
			"integrity": "sha512-0JfyX4i0Vp5HhC9RDtJ1kp7psz8CFuS3Gya3Z6WZv//QCwA9dPzi1S803VdR0c0P6R7sSvweZ5mSJmYQ/N+loQ==",
			"dev": true,
			"license": "MIT",
			"dependencies": {
				"picocolors": "^1.0.0"
			},
			"bin": {
				"nano-staged": "lib/bin.js"
			},
			"engines": {
				"node": "^12.20.0 || ^14.13.1 || >=16.0.0"
			}
		},
		"node_modules/picocolors": {
			"version": "1.1.1",
			"resolved": "https://registry.npmjs.org/picocolors/-/picocolors-1.1.1.tgz",
			"integrity": "sha512-xceH2snhtb5M9liqDsmEw56le376mTZkEX/jEb/RxNFyegNul7eNslCXP9FDj/Lcu0X8KEyMceP2ntpaHrDEVA==",
			"dev": true,
			"license": "ISC"
		},
		"node_modules/prettier": {
			"version": "3.8.1",
			"resolved": "https://registry.npmjs.org/prettier/-/prettier-3.8.1.tgz",
			"integrity": "sha512-UOnG6LftzbdaHZcKoPFtOcCKztrQ57WkHDeRD9t/PTQtmT0NHSeWWepj6pS0z/N7+08BHFDQVUrfmfMRcZwbMg==",
			"dev": true,
			"license": "MIT",
			"bin": {
				"prettier": "bin/prettier.cjs"
			},
			"engines": {
				"node": ">=14"
			},
			"funding": {
				"url": "https://github.com/prettier/prettier?sponsor=1"
			}
		}
	},
	"dependencies": {
		"husky": {
			"version": "9.1.7",
			"resolved": "https://registry.npmjs.org/husky/-/husky-9.1.7.tgz",
			"integrity": "sha512-5gs5ytaNjBrh5Ow3zrvdUUY+0VxIuWVL4i9irt6friV+BqdCfmV11CQTWMiBYWHbXhco+J1kHfTOUkePhCDvMA==",
			"dev": true
		},
		"nano-staged": {
			"version": "0.9.0",
			"resolved": "https://registry.npmjs.org/nano-staged/-/nano-staged-0.9.0.tgz",
			"integrity": "sha512-0JfyX4i0Vp5HhC9RDtJ1kp7psz8CFuS3Gya3Z6WZv//QCwA9dPzi1S803VdR0c0P6R7sSvweZ5mSJmYQ/N+loQ==",
			"dev": true,
			"requires": {
				"picocolors": "^1.0.0"
			}
		},
		"picocolors": {
			"version": "1.1.1",
			"resolved": "https://registry.npmjs.org/picocolors/-/picocolors-1.1.1.tgz",
			"integrity": "sha512-xceH2snhtb5M9liqDsmEw56le376mTZkEX/jEb/RxNFyegNul7eNslCXP9FDj/Lcu0X8KEyMceP2ntpaHrDEVA==",
			"dev": true
		},
		"prettier": {
			"version": "3.8.1",
			"resolved": "https://registry.npmjs.org/prettier/-/prettier-3.8.1.tgz",
			"integrity": "sha512-UOnG6LftzbdaHZcKoPFtOcCKztrQ57WkHDeRD9t/PTQtmT0NHSeWWepj6pS0z/N7+08BHFDQVUrfmfMRcZwbMg==",
			"dev": true
		}
	}
}
